
Microsoft Visual Studio Solution File, Format Version 12.00
# Visual Studio Version 16
VisualStudioVersion = 16.0.33920.266
MinimumVisualStudioVersion = 10.0.40219.1
Project("{FAE04EC0-301F-11D3-BF4B-00C04F79EFBC}") = "Ruanmou.WebService", "Ruanmou.WebService\Ruanmou.WebService.csproj", "{5B94DCB1-4423-4E2E-BE3A-C04DC0135632}"
EndProject
Project("{2150E333-8FDC-42A3-9474-1A3956D46DE8}") = "WebService", "WebService", "{B55CC076-F4DB-468A-A2F5-3C2BE7C08CC4}"
EndProject
Project("{2150E333-8FDC-42A3-9474-1A3956D46DE8}") = "WCF", "WCF", "{DC3B860E-C2E2-47ED-BBDF-B047E9568B0E}"
EndProject
Project("{2150E333-8FDC-42A3-9474-1A3956D46DE8}") = "WebApi", "WebApi", "{F4B1BD3E-CDD4-449F-AD56-D21C39D046A5}"
EndProject
Project("{2150E333-8FDC-42A3-9474-1A3956D46DE8}") = "DB", "DB", "{CCF2D664-D13B-43C0-88A7-2DD316333AD6}"
EndProject
Project("{FAE04EC0-301F-11D3-BF4B-00C04F79EFBC}") = "DB", "DB\DB.csproj", "{3DE25AB0-7F17-404E-9E3B-50BD30ED44D5}"
EndProject
Project("{FAE04EC0-301F-11D3-BF4B-00C04F79EFBC}") = "WebService.UnitTest1", "WebService.UnitTest1\WebService.UnitTest1.csproj", "{B1A39DD9-0315-4870-9E87-49A24A737AAE}"
	ProjectSection(ProjectDependencies) = postProject
		{5B94DCB1-4423-4E2E-BE3A-C04DC0135632} = {5B94DCB1-4423-4E2E-BE3A-C04DC0135632}
	EndProjectSection
EndProject
Project("{FAE04EC0-301F-11D3-BF4B-00C04F79EFBC}") = "Ruanmou.WCF", "Ruanmou.WCF\Ruanmou.WCF.csproj", "{83E9D370-D8F6-424A-B270-994D82731AD2}"
EndProject
Project("{FAE04EC0-301F-11D3-BF4B-00C04F79EFBC}") = "WcfUnitTest", "WcfUnitTest\WcfUnitTest.csproj", "{38DA6501-33CF-47AA-B2EA-470F5EEF8D30}"
	ProjectSection(ProjectDependencies) = postProject
		{83E9D370-D8F6-424A-B270-994D82731AD2} = {83E9D370-D8F6-424A-B270-994D82731AD2}
	EndProjectSection
EndProject
Project("{FAE04EC0-301F-11D3-BF4B-00C04F79EFBC}") = "Ruanmou.WCF.Interface", "Ruanmou.WCF.Interface\Ruanmou.WCF.Interface.csproj", "{F20B5AEF-1143-44F1-BAEB-0073A2A032D8}"
EndProject
Project("{FAE04EC0-301F-11D3-BF4B-00C04F79EFBC}") = "Ruanmou.WCF.Service", "Ruanmou.WCF.Service\Ruanmou.WCF.Service.csproj", "{6B66BB71-4221-4452-9D53-8E6D9BC376FA}"
EndProject
Project("{FAE04EC0-301F-11D3-BF4B-00C04F79EFBC}") = "Ruanmou.WCF.Model", "Ruanmou.WCF.Model\Ruanmou.WCF.Model.csproj", "{64BC3F9D-F5FC-4D2C-BEA4-5895BC99FC52}"
EndProject
Project("{9A19103F-16F7-4668-BE54-9A1E7A4F7556}") = "ConsoleApp1", "ConsoleApp1\ConsoleApp1.csproj", "{A67D5AF9-614D-491A-A242-C2D2117238D2}"
EndProject
Project("{FAE04EC0-301F-11D3-BF4B-00C04F79EFBC}") = "Ruanmou.WebApi", "Ruanmou.WebApi\Ruanmou.WebApi.csproj", "{76B134AB-0C87-4537-AD8C-C45271C336DB}"
EndProject
Project("{FAE04EC0-301F-11D3-BF4B-00C04F79EFBC}") = "Ruanmou.WebApi.Unit", "Ruanmou.WebApi.Unit\Ruanmou.WebApi.Unit.csproj", "{A9A203A6-B280-4073-9024-1CCB5C1CA725}"
EndProject
Global
	GlobalSection(SolutionConfigurationPlatforms) = preSolution
		Debug|Any CPU = Debug|Any CPU
		Release|Any CPU = Release|Any CPU
	EndGlobalSection
	GlobalSection(ProjectConfigurationPlatforms) = postSolution
		{5B94DCB1-4423-4E2E-BE3A-C04DC0135632}.Debug|Any CPU.ActiveCfg = Debug|Any CPU
		{5B94DCB1-4423-4E2E-BE3A-C04DC0135632}.Debug|Any CPU.Build.0 = Debug|Any CPU
		{5B94DCB1-4423-4E2E-BE3A-C04DC0135632}.Release|Any CPU.ActiveCfg = Release|Any CPU
		{5B94DCB1-4423-4E2E-BE3A-C04DC0135632}.Release|Any CPU.Build.0 = Release|Any CPU
		{3DE25AB0-7F17-404E-9E3B-50BD30ED44D5}.Debug|Any CPU.ActiveCfg = Debug|Any CPU
		{3DE25AB0-7F17-404E-9E3B-50BD30ED44D5}.Debug|Any CPU.Build.0 = Debug|Any CPU
		{3DE25AB0-7F17-404E-9E3B-50BD30ED44D5}.Release|Any CPU.ActiveCfg = Release|Any CPU
		{3DE25AB0-7F17-404E-9E3B-50BD30ED44D5}.Release|Any CPU.Build.0 = Release|Any CPU
		{B1A39DD9-0315-4870-9E87-49A24A737AAE}.Debug|Any CPU.ActiveCfg = Debug|Any CPU
		{B1A39DD9-0315-4870-9E87-49A24A737AAE}.Debug|Any CPU.Build.0 = Debug|Any CPU
		{B1A39DD9-0315-4870-9E87-49A24A737AAE}.Release|Any CPU.ActiveCfg = Release|Any CPU
		{B1A39DD9-0315-4870-9E87-49A24A737AAE}.Release|Any CPU.Build.0 = Release|Any CPU
		{83E9D370-D8F6-424A-B270-994D82731AD2}.Debug|Any CPU.ActiveCfg = Debug|Any CPU
		{83E9D370-D8F6-424A-B270-994D82731AD2}.Debug|Any CPU.Build.0 = Debug|Any CPU
		{83E9D370-D8F6-424A-B270-994D82731AD2}.Release|Any CPU.ActiveCfg = Release|Any CPU
		{83E9D370-D8F6-424A-B270-994D82731AD2}.Release|Any CPU.Build.0 = Release|Any CPU
		{38DA6501-33CF-47AA-B2EA-470F5EEF8D30}.Debug|Any CPU.ActiveCfg = Debug|Any CPU
		{38DA6501-33CF-47AA-B2EA-470F5EEF8D30}.Debug|Any CPU.Build.0 = Debug|Any CPU
		{38DA6501-33CF-47AA-B2EA-470F5EEF8D30}.Release|Any CPU.ActiveCfg = Release|Any CPU
		{38DA6501-33CF-47AA-B2EA-470F5EEF8D30}.Release|Any CPU.Build.0 = Release|Any CPU
		{F20B5AEF-1143-44F1-BAEB-0073A2A032D8}.Debug|Any CPU.ActiveCfg = Debug|Any CPU
		{F20B5AEF-1143-44F1-BAEB-0073A2A032D8}.Debug|Any CPU.Build.0 = Debug|Any CPU
		{F20B5AEF-1143-44F1-BAEB-0073A2A032D8}.Release|Any CPU.ActiveCfg = Release|Any CPU
		{F20B5AEF-1143-44F1-BAEB-0073A2A032D8}.Release|Any CPU.Build.0 = Release|Any CPU
		{6B66BB71-4221-4452-9D53-8E6D9BC376FA}.Debug|Any CPU.ActiveCfg = Debug|Any CPU
		{6B66BB71-4221-4452-9D53-8E6D9BC376FA}.Debug|Any CPU.Build.0 = Debug|Any CPU
		{6B66BB71-4221-4452-9D53-8E6D9BC376FA}.Release|Any CPU.ActiveCfg = Release|Any CPU
		{6B66BB71-4221-4452-9D53-8E6D9BC376FA}.Release|Any CPU.Build.0 = Release|Any CPU
		{64BC3F9D-F5FC-4D2C-BEA4-5895BC99FC52}.Debug|Any CPU.ActiveCfg = Debug|Any CPU
		{64BC3F9D-F5FC-4D2C-BEA4-5895BC99FC52}.Debug|Any CPU.Build.0 = Debug|Any CPU
		{64BC3F9D-F5FC-4D2C-BEA4-5895BC99FC52}.Release|Any CPU.ActiveCfg = Release|Any CPU
		{64BC3F9D-F5FC-4D2C-BEA4-5895BC99FC52}.Release|Any CPU.Build.0 = Release|Any CPU
		{A67D5AF9-614D-491A-A242-C2D2117238D2}.Debug|Any CPU.ActiveCfg = Debug|Any CPU
		{A67D5AF9-614D-491A-A242-C2D2117238D2}.Debug|Any CPU.Build.0 = Debug|Any CPU
		{A67D5AF9-614D-491A-A242-C2D2117238D2}.Release|Any CPU.ActiveCfg = Release|Any CPU
		{A67D5AF9-614D-491A-A242-C2D2117238D2}.Release|Any CPU.Build.0 = Release|Any CPU
		{76B134AB-0C87-4537-AD8C-C45271C336DB}.Debug|Any CPU.ActiveCfg = Debug|Any CPU
		{76B134AB-0C87-4537-AD8C-C45271C336DB}.Debug|Any CPU.Build.0 = Debug|Any CPU
		{76B134AB-0C87-4537-AD8C-C45271C336DB}.Release|Any CPU.ActiveCfg = Release|Any CPU
		{76B134AB-0C87-4537-AD8C-C45271C336DB}.Release|Any CPU.Build.0 = Release|Any CPU
		{A9A203A6-B280-4073-9024-1CCB5C1CA725}.Debug|Any CPU.ActiveCfg = Debug|Any CPU
		{A9A203A6-B280-4073-9024-1CCB5C1CA725}.Debug|Any CPU.Build.0 = Debug|Any CPU
		{A9A203A6-B280-4073-9024-1CCB5C1CA725}.Release|Any CPU.ActiveCfg = Release|Any CPU
		{A9A203A6-B280-4073-9024-1CCB5C1CA725}.Release|Any CPU.Build.0 = Release|Any CPU
	EndGlobalSection
	GlobalSection(SolutionProperties) = preSolution
		HideSolutionNode = FALSE
	EndGlobalSection
	GlobalSection(NestedProjects) = preSolution
		{5B94DCB1-4423-4E2E-BE3A-C04DC0135632} = {B55CC076-F4DB-468A-A2F5-3C2BE7C08CC4}
		{3DE25AB0-7F17-404E-9E3B-50BD30ED44D5} = {CCF2D664-D13B-43C0-88A7-2DD316333AD6}
		{B1A39DD9-0315-4870-9E87-49A24A737AAE} = {B55CC076-F4DB-468A-A2F5-3C2BE7C08CC4}
		{83E9D370-D8F6-424A-B270-994D82731AD2} = {DC3B860E-C2E2-47ED-BBDF-B047E9568B0E}
		{38DA6501-33CF-47AA-B2EA-470F5EEF8D30} = {DC3B860E-C2E2-47ED-BBDF-B047E9568B0E}
		{F20B5AEF-1143-44F1-BAEB-0073A2A032D8} = {DC3B860E-C2E2-47ED-BBDF-B047E9568B0E}
		{6B66BB71-4221-4452-9D53-8E6D9BC376FA} = {DC3B860E-C2E2-47ED-BBDF-B047E9568B0E}
		{64BC3F9D-F5FC-4D2C-BEA4-5895BC99FC52} = {DC3B860E-C2E2-47ED-BBDF-B047E9568B0E}
		{A67D5AF9-614D-491A-A242-C2D2117238D2} = {DC3B860E-C2E2-47ED-BBDF-B047E9568B0E}
		{76B134AB-0C87-4537-AD8C-C45271C336DB} = {F4B1BD3E-CDD4-449F-AD56-D21C39D046A5}
		{A9A203A6-B280-4073-9024-1CCB5C1CA725} = {F4B1BD3E-CDD4-449F-AD56-D21C39D046A5}
	EndGlobalSection
	GlobalSection(ExtensibilityGlobals) = postSolution
		SolutionGuid = {77B8872B-08B1-426B-8346-5D0C53587478}
	EndGlobalSection
EndGlobal
